
Microsoft Visual Studio Solution File, Format Version 12.00
# Visual Studio 2013
VisualStudioVersion = 12.0.30501.0
MinimumVisualStudioVersion = 10.0.40219.1
Project("{FAE04EC0-301F-11D3-BF4B-00C04F79EFBC}") = "CR_MiscStringProviders", "CR_MiscStringProviders\CR_MiscStringProviders.csproj", "{CA18E6D0-880D-4524-A90A-6C8E9C6E7EEE}"
EndProject
Global
	GlobalSection(SolutionConfigurationPlatforms) = preSolution
		Debug|Any CPU = Debug|Any CPU
		Release|Any CPU = Release|Any CPU
	EndGlobalSection
	GlobalSection(ProjectConfigurationPlatforms) = postSolution
		{CA18E6D0-880D-4524-A90A-6C8E9C6E7EEE}.Debug|Any CPU.ActiveCfg = Debug|Any CPU
		{CA18E6D0-880D-4524-A90A-6C8E9C6E7EEE}.Debug|Any CPU.Build.0 = Debug|Any CPU
		{CA18E6D0-880D-4524-A90A-6C8E9C6E7EEE}.Release|Any CPU.ActiveCfg = Release|Any CPU
		{CA18E6D0-880D-4524-A90A-6C8E9C6E7EEE}.Release|Any CPU.Build.0 = Release|Any CPU
	EndGlobalSection
	GlobalSection(SolutionProperties) = preSolution
		HideSolutionNode = FALSE
	EndGlobalSection
EndGlobal
